<<<<<<< HEAD
<Solution>
  <Configurations>
    <Platform Name="x64" />
    <Platform Name="x86" />
  </Configurations>
  <Project Path="2.21/2.21.vcxproj" Id="affb4cbc-f827-4fb7-8397-1137cf61a17b" />
</Solution>
=======
<Solution>
  <Configurations>
    <Platform Name="x64" />
    <Platform Name="x86" />
  </Configurations>
  <Project Path="2.21/2.21.vcxproj" Id="affb4cbc-f827-4fb7-8397-1137cf61a17b" />
</Solution>
>>>>>>> ac2ff8e9902a0609db1464e9d85d9d2a3a3d84a0
