<<<<<<< HEAD
<Solution>
  <Configurations>
    <Platform Name="x64" />
    <Platform Name="x86" />
  </Configurations>
  <Project Path="2.15/2.15.vcxproj" Id="2d92ee3b-4070-4eda-9002-c292d6f4c5ba" />
</Solution>
=======
<Solution>
  <Configurations>
    <Platform Name="x64" />
    <Platform Name="x86" />
  </Configurations>
  <Project Path="2.15/2.15.vcxproj" Id="2d92ee3b-4070-4eda-9002-c292d6f4c5ba" />
</Solution>
>>>>>>> ac2ff8e9902a0609db1464e9d85d9d2a3a3d84a0
